
Microsoft Visual Studio Solution File, Format Version 12.00
# Visual Studio 2012
Project("{FAE04EC0-301F-11D3-BF4B-00C04F79EFBC}") = "Bin2CMSBuildTask", "src\Bin2CMSBuildTask\Bin2CMSBuildTask.csproj", "{D268EBA5-C8E1-45F1-BD2D-A3EC3CFDD3E6}"
EndProject
Project("{FAE04EC0-301F-11D3-BF4B-00C04F79EFBC}") = "Bin2CMSBuildTask.Tests", "src\Bin2CMSBuildTask.Tests\Bin2CMSBuildTask.Tests.csproj", "{0E40DC37-E2DF-4151-8589-8DE0F5A7C233}"
EndProject
Global
	GlobalSection(SolutionConfigurationPlatforms) = preSolution
		Debug|Any CPU = Debug|Any CPU
		Release|Any CPU = Release|Any CPU
	EndGlobalSection
	GlobalSection(ProjectConfigurationPlatforms) = postSolution
		{0E40DC37-E2DF-4151-8589-8DE0F5A7C233}.Debug|Any CPU.ActiveCfg = Debug|Any CPU
		{0E40DC37-E2DF-4151-8589-8DE0F5A7C233}.Debug|Any CPU.Build.0 = Debug|Any CPU
		{0E40DC37-E2DF-4151-8589-8DE0F5A7C233}.Release|Any CPU.ActiveCfg = Release|Any CPU
		{0E40DC37-E2DF-4151-8589-8DE0F5A7C233}.Release|Any CPU.Build.0 = Release|Any CPU
		{D268EBA5-C8E1-45F1-BD2D-A3EC3CFDD3E6}.Debug|Any CPU.ActiveCfg = Debug|Any CPU
		{D268EBA5-C8E1-45F1-BD2D-A3EC3CFDD3E6}.Debug|Any CPU.Build.0 = Debug|Any CPU
		{D268EBA5-C8E1-45F1-BD2D-A3EC3CFDD3E6}.Release|Any CPU.ActiveCfg = Release|Any CPU
		{D268EBA5-C8E1-45F1-BD2D-A3EC3CFDD3E6}.Release|Any CPU.Build.0 = Release|Any CPU
	EndGlobalSection
EndGlobal
